
Microsoft Visual Studio Solution File, Format Version 12.00
# Visual Studio Version 16
VisualStudioVersion = 16.0.31829.152
MinimumVisualStudioVersion = 10.0.40219.1
Project("{9A19103F-16F7-4668-BE54-9A1E7A4F7556}") = "SampleWpfApp", "src\SampleWpfApp\SampleWpfApp.csproj", "{663CCC89-48B6-4BE2-BB58-2C9EBBF4F44C}"
EndProject
Project("{2150E333-8FDC-42A3-9474-1A3956D46DE8}") = "Common", "Common", "{875802A4-4F81-4305-AAD3-350F00E8924C}"
EndProject
Project("{9A19103F-16F7-4668-BE54-9A1E7A4F7556}") = "CommonControls", "src\Common\CommonControls\CommonControls.csproj", "{71E1BF0B-37E8-4C2E-828B-16D0D62854BD}"
EndProject
Project("{9A19103F-16F7-4668-BE54-9A1E7A4F7556}") = "Resources", "src\Common\Resources\Resources.csproj", "{A4857FC0-D757-4E7E-8D0F-0FB6A6CD7B08}"
EndProject
Project("{2150E333-8FDC-42A3-9474-1A3956D46DE8}") = "Plugins", "Plugins", "{D5EFB627-C580-4087-849B-7A2D9EDAE1D4}"
EndProject
Project("{9A19103F-16F7-4668-BE54-9A1E7A4F7556}") = "ClickDoubleClick", "src\Plugins\ClickDoubleClick\ClickDoubleClick.csproj", "{8744A63C-5DF1-4DD6-A66B-195A72DBA6D3}"
EndProject
Project("{9A19103F-16F7-4668-BE54-9A1E7A4F7556}") = "ContextMenu", "src\Plugins\ContextMenu\ContextMenu.csproj", "{0B47504B-5762-4FD0-93CD-11974B8BC327}"
EndProject
Project("{9A19103F-16F7-4668-BE54-9A1E7A4F7556}") = "DragDrop", "src\Plugins\DragDrop\DragDrop.csproj", "{54C68FC2-1591-49FD-985D-7479924136BA}"
EndProject
Project("{9A19103F-16F7-4668-BE54-9A1E7A4F7556}") = "PopUp", "src\Plugins\PopUp\PopUp.csproj", "{F667A054-614A-47DD-87D0-9D527B988DA7}"
EndProject
Project("{9A19103F-16F7-4668-BE54-9A1E7A4F7556}") = "DropDown", "src\Plugins\DropDown\DropDown.csproj", "{CFB5E443-6EA6-49A4-A65C-E4780366D73D}"
EndProject
Project("{9A19103F-16F7-4668-BE54-9A1E7A4F7556}") = "ListBox", "src\Plugins\ListBox\ListBox.csproj", "{0C034962-314A-407A-8048-821BB785AFCA}"
EndProject
Project("{9A19103F-16F7-4668-BE54-9A1E7A4F7556}") = "SelectionState", "src\Plugins\SelectionState\SelectionState.csproj", "{CA57C685-4B07-4079-AFE7-257D32DC83BF}"
EndProject
Project("{9A19103F-16F7-4668-BE54-9A1E7A4F7556}") = "Scrolling", "src\Plugins\Scrolling\Scrolling.csproj", "{9DA1DB34-2DC2-4A38-999A-59BF887BADDC}"
EndProject
Project("{9A19103F-16F7-4668-BE54-9A1E7A4F7556}") = "Splitter", "src\Plugins\Splitter\Splitter.csproj", "{1A937812-E303-46AE-81AF-6CC9188DD922}"
EndProject
Project("{9A19103F-16F7-4668-BE54-9A1E7A4F7556}") = "_build", "build\_build.csproj", "{16841D4E-2B4B-41A6-A2D5-1DF2339415E9}"
EndProject
Project("{9A19103F-16F7-4668-BE54-9A1E7A4F7556}") = "CommonFramework", "src\Common\CommonFramework\CommonFramework.csproj", "{AAFA2CFE-DCE2-4EBE-8D82-57D2415854EB}"
EndProject
Project("{9A19103F-16F7-4668-BE54-9A1E7A4F7556}") = "Plugin", "src\Common\Plugin\Plugin.csproj", "{2355231F-918A-4773-9625-4A105831C164}"
EndProject
Project("{2150E333-8FDC-42A3-9474-1A3956D46DE8}") = "Tests", "Tests", "{0866E953-6C3A-433C-8AE5-AF518B902EB4}"
EndProject
Project("{2150E333-8FDC-42A3-9474-1A3956D46DE8}") = "Plugins", "Plugins", "{5751009F-4A02-4696-B2AE-F6EB2FD16D1A}"
EndProject
Project("{9A19103F-16F7-4668-BE54-9A1E7A4F7556}") = "ClickDoubleClickTest", "src\Tests\Plugins\ClickDoubleClickTest\ClickDoubleClickTest.csproj", "{424E6815-A8C9-4B35-8B5B-F0EFCA46EFB5}"
EndProject
Project("{9A19103F-16F7-4668-BE54-9A1E7A4F7556}") = "ContextMenuTest", "src\Tests\Plugins\ContextMenuTest\ContextMenuTest.csproj", "{2B4CDAD0-9C4D-4E77-9405-6818DCB2F963}"
EndProject
Project("{9A19103F-16F7-4668-BE54-9A1E7A4F7556}") = "DragDropTest", "src\Tests\Plugins\DragDropTest\DragDropTest.csproj", "{954BAAEB-07B7-47F8-941E-9C1D9A3E6456}"
EndProject
Project("{9A19103F-16F7-4668-BE54-9A1E7A4F7556}") = "DropDownTest", "src\Tests\Plugins\DropDownTest\DropDownTest.csproj", "{2E5EFD19-10DE-4430-B11D-D8F12491249B}"
EndProject
Project("{9A19103F-16F7-4668-BE54-9A1E7A4F7556}") = "ListBoxTest", "src\Tests\Plugins\ListBoxTest\ListBoxTest.csproj", "{44A36DCB-9232-4907-A85F-08F580AE06EB}"
EndProject
Project("{9A19103F-16F7-4668-BE54-9A1E7A4F7556}") = "PopUpTest", "src\Tests\Plugins\PopUpTest\PopUpTest.csproj", "{384FA6D7-6ACE-426E-8C32-88E1DD1DF106}"
EndProject
Project("{9A19103F-16F7-4668-BE54-9A1E7A4F7556}") = "SelectionStateTest", "src\Tests\Plugins\SelectionStateTest\SelectionStateTest.csproj", "{A755F740-E417-44B8-A152-30989691B343}"
EndProject
Project("{9A19103F-16F7-4668-BE54-9A1E7A4F7556}") = "SplitterTest", "src\Tests\Plugins\SplitterTest\SplitterTest.csproj", "{B5CD9D67-75A1-429D-AC7B-A4F6EFB99C7D}"
EndProject
Project("{9A19103F-16F7-4668-BE54-9A1E7A4F7556}") = "SampleWpfAppTest", "src\Tests\SampleWpfAppTest\SampleWpfAppTest.csproj", "{9EACB5E2-7916-4A2E-89F7-527ED24932BF}"
EndProject
Project("{2150E333-8FDC-42A3-9474-1A3956D46DE8}") = "Common", "Common", "{2188752F-E517-4F77-9F9D-A1BADD321441}"
EndProject
Project("{9A19103F-16F7-4668-BE54-9A1E7A4F7556}") = "CommonControlsTest", "src\Tests\CommonControls\CommonControlsTest\CommonControlsTest.csproj", "{47274791-3ACD-46AF-9AAD-BA82FA82BDAB}"
EndProject
Project("{9A19103F-16F7-4668-BE54-9A1E7A4F7556}") = "CommonFrameworkTest", "src\Tests\CommonControls\CommonFrameworkTest\CommonFrameworkTest.csproj", "{3E4337AC-347B-40EA-9FFF-774161E6A51B}"
EndProject
Project("{9A19103F-16F7-4668-BE54-9A1E7A4F7556}") = "ScrollingTest", "src\Tests\Plugins\ScrollingTest\ScrollingTest.csproj", "{9AEC3C9F-9987-4610-80E6-34A1E589F4F8}"
EndProject
Global
	GlobalSection(SolutionConfigurationPlatforms) = preSolution
		Debug|Any CPU = Debug|Any CPU
		Release|Any CPU = Release|Any CPU
	EndGlobalSection
	GlobalSection(ProjectConfigurationPlatforms) = postSolution
		{663CCC89-48B6-4BE2-BB58-2C9EBBF4F44C}.Debug|Any CPU.ActiveCfg = Debug|Any CPU
		{663CCC89-48B6-4BE2-BB58-2C9EBBF4F44C}.Debug|Any CPU.Build.0 = Debug|Any CPU
		{663CCC89-48B6-4BE2-BB58-2C9EBBF4F44C}.Release|Any CPU.ActiveCfg = Release|Any CPU
		{663CCC89-48B6-4BE2-BB58-2C9EBBF4F44C}.Release|Any CPU.Build.0 = Release|Any CPU
		{71E1BF0B-37E8-4C2E-828B-16D0D62854BD}.Debug|Any CPU.ActiveCfg = Debug|Any CPU
		{71E1BF0B-37E8-4C2E-828B-16D0D62854BD}.Debug|Any CPU.Build.0 = Debug|Any CPU
		{71E1BF0B-37E8-4C2E-828B-16D0D62854BD}.Release|Any CPU.ActiveCfg = Release|Any CPU
		{71E1BF0B-37E8-4C2E-828B-16D0D62854BD}.Release|Any CPU.Build.0 = Release|Any CPU
		{A4857FC0-D757-4E7E-8D0F-0FB6A6CD7B08}.Debug|Any CPU.ActiveCfg = Debug|Any CPU
		{A4857FC0-D757-4E7E-8D0F-0FB6A6CD7B08}.Debug|Any CPU.Build.0 = Debug|Any CPU
		{A4857FC0-D757-4E7E-8D0F-0FB6A6CD7B08}.Release|Any CPU.ActiveCfg = Release|Any CPU
		{A4857FC0-D757-4E7E-8D0F-0FB6A6CD7B08}.Release|Any CPU.Build.0 = Release|Any CPU
		{8744A63C-5DF1-4DD6-A66B-195A72DBA6D3}.Debug|Any CPU.ActiveCfg = Debug|Any CPU
		{8744A63C-5DF1-4DD6-A66B-195A72DBA6D3}.Debug|Any CPU.Build.0 = Debug|Any CPU
		{8744A63C-5DF1-4DD6-A66B-195A72DBA6D3}.Release|Any CPU.ActiveCfg = Release|Any CPU
		{8744A63C-5DF1-4DD6-A66B-195A72DBA6D3}.Release|Any CPU.Build.0 = Release|Any CPU
		{0B47504B-5762-4FD0-93CD-11974B8BC327}.Debug|Any CPU.ActiveCfg = Debug|Any CPU
		{0B47504B-5762-4FD0-93CD-11974B8BC327}.Debug|Any CPU.Build.0 = Debug|Any CPU
		{0B47504B-5762-4FD0-93CD-11974B8BC327}.Release|Any CPU.ActiveCfg = Release|Any CPU
		{0B47504B-5762-4FD0-93CD-11974B8BC327}.Release|Any CPU.Build.0 = Release|Any CPU
		{54C68FC2-1591-49FD-985D-7479924136BA}.Debug|Any CPU.ActiveCfg = Debug|Any CPU
		{54C68FC2-1591-49FD-985D-7479924136BA}.Debug|Any CPU.Build.0 = Debug|Any CPU
		{54C68FC2-1591-49FD-985D-7479924136BA}.Release|Any CPU.ActiveCfg = Release|Any CPU
		{54C68FC2-1591-49FD-985D-7479924136BA}.Release|Any CPU.Build.0 = Release|Any CPU
		{F667A054-614A-47DD-87D0-9D527B988DA7}.Debug|Any CPU.ActiveCfg = Debug|Any CPU
		{F667A054-614A-47DD-87D0-9D527B988DA7}.Debug|Any CPU.Build.0 = Debug|Any CPU
		{F667A054-614A-47DD-87D0-9D527B988DA7}.Release|Any CPU.ActiveCfg = Release|Any CPU
		{F667A054-614A-47DD-87D0-9D527B988DA7}.Release|Any CPU.Build.0 = Release|Any CPU
		{CFB5E443-6EA6-49A4-A65C-E4780366D73D}.Debug|Any CPU.ActiveCfg = Debug|Any CPU
		{CFB5E443-6EA6-49A4-A65C-E4780366D73D}.Debug|Any CPU.Build.0 = Debug|Any CPU
		{CFB5E443-6EA6-49A4-A65C-E4780366D73D}.Release|Any CPU.ActiveCfg = Release|Any CPU
		{CFB5E443-6EA6-49A4-A65C-E4780366D73D}.Release|Any CPU.Build.0 = Release|Any CPU
		{0C034962-314A-407A-8048-821BB785AFCA}.Debug|Any CPU.ActiveCfg = Debug|Any CPU
		{0C034962-314A-407A-8048-821BB785AFCA}.Debug|Any CPU.Build.0 = Debug|Any CPU
		{0C034962-314A-407A-8048-821BB785AFCA}.Release|Any CPU.ActiveCfg = Release|Any CPU
		{0C034962-314A-407A-8048-821BB785AFCA}.Release|Any CPU.Build.0 = Release|Any CPU
		{CA57C685-4B07-4079-AFE7-257D32DC83BF}.Debug|Any CPU.ActiveCfg = Debug|Any CPU
		{CA57C685-4B07-4079-AFE7-257D32DC83BF}.Debug|Any CPU.Build.0 = Debug|Any CPU
		{CA57C685-4B07-4079-AFE7-257D32DC83BF}.Release|Any CPU.ActiveCfg = Release|Any CPU
		{CA57C685-4B07-4079-AFE7-257D32DC83BF}.Release|Any CPU.Build.0 = Release|Any CPU
		{9DA1DB34-2DC2-4A38-999A-59BF887BADDC}.Debug|Any CPU.ActiveCfg = Debug|Any CPU
		{9DA1DB34-2DC2-4A38-999A-59BF887BADDC}.Debug|Any CPU.Build.0 = Debug|Any CPU
		{9DA1DB34-2DC2-4A38-999A-59BF887BADDC}.Release|Any CPU.ActiveCfg = Release|Any CPU
		{9DA1DB34-2DC2-4A38-999A-59BF887BADDC}.Release|Any CPU.Build.0 = Release|Any CPU
		{1A937812-E303-46AE-81AF-6CC9188DD922}.Debug|Any CPU.ActiveCfg = Debug|Any CPU
		{1A937812-E303-46AE-81AF-6CC9188DD922}.Debug|Any CPU.Build.0 = Debug|Any CPU
		{1A937812-E303-46AE-81AF-6CC9188DD922}.Release|Any CPU.ActiveCfg = Release|Any CPU
		{1A937812-E303-46AE-81AF-6CC9188DD922}.Release|Any CPU.Build.0 = Release|Any CPU
		{16841D4E-2B4B-41A6-A2D5-1DF2339415E9}.Debug|Any CPU.ActiveCfg = Debug|Any CPU
		{16841D4E-2B4B-41A6-A2D5-1DF2339415E9}.Release|Any CPU.ActiveCfg = Release|Any CPU
		{AAFA2CFE-DCE2-4EBE-8D82-57D2415854EB}.Debug|Any CPU.ActiveCfg = Debug|Any CPU
		{AAFA2CFE-DCE2-4EBE-8D82-57D2415854EB}.Debug|Any CPU.Build.0 = Debug|Any CPU
		{AAFA2CFE-DCE2-4EBE-8D82-57D2415854EB}.Release|Any CPU.ActiveCfg = Release|Any CPU
		{AAFA2CFE-DCE2-4EBE-8D82-57D2415854EB}.Release|Any CPU.Build.0 = Release|Any CPU
		{2355231F-918A-4773-9625-4A105831C164}.Debug|Any CPU.ActiveCfg = Debug|Any CPU
		{2355231F-918A-4773-9625-4A105831C164}.Debug|Any CPU.Build.0 = Debug|Any CPU
		{2355231F-918A-4773-9625-4A105831C164}.Release|Any CPU.ActiveCfg = Release|Any CPU
		{2355231F-918A-4773-9625-4A105831C164}.Release|Any CPU.Build.0 = Release|Any CPU
		{424E6815-A8C9-4B35-8B5B-F0EFCA46EFB5}.Debug|Any CPU.ActiveCfg = Debug|Any CPU
		{424E6815-A8C9-4B35-8B5B-F0EFCA46EFB5}.Debug|Any CPU.Build.0 = Debug|Any CPU
		{424E6815-A8C9-4B35-8B5B-F0EFCA46EFB5}.Release|Any CPU.ActiveCfg = Release|Any CPU
		{424E6815-A8C9-4B35-8B5B-F0EFCA46EFB5}.Release|Any CPU.Build.0 = Release|Any CPU
		{2B4CDAD0-9C4D-4E77-9405-6818DCB2F963}.Debug|Any CPU.ActiveCfg = Debug|Any CPU
		{2B4CDAD0-9C4D-4E77-9405-6818DCB2F963}.Debug|Any CPU.Build.0 = Debug|Any CPU
		{2B4CDAD0-9C4D-4E77-9405-6818DCB2F963}.Release|Any CPU.ActiveCfg = Release|Any CPU
		{2B4CDAD0-9C4D-4E77-9405-6818DCB2F963}.Release|Any CPU.Build.0 = Release|Any CPU
		{954BAAEB-07B7-47F8-941E-9C1D9A3E6456}.Debug|Any CPU.ActiveCfg = Debug|Any CPU
		{954BAAEB-07B7-47F8-941E-9C1D9A3E6456}.Debug|Any CPU.Build.0 = Debug|Any CPU
		{954BAAEB-07B7-47F8-941E-9C1D9A3E6456}.Release|Any CPU.ActiveCfg = Release|Any CPU
		{954BAAEB-07B7-47F8-941E-9C1D9A3E6456}.Release|Any CPU.Build.0 = Release|Any CPU
		{2E5EFD19-10DE-4430-B11D-D8F12491249B}.Debug|Any CPU.ActiveCfg = Debug|Any CPU
		{2E5EFD19-10DE-4430-B11D-D8F12491249B}.Debug|Any CPU.Build.0 = Debug|Any CPU
		{2E5EFD19-10DE-4430-B11D-D8F12491249B}.Release|Any CPU.ActiveCfg = Release|Any CPU
		{2E5EFD19-10DE-4430-B11D-D8F12491249B}.Release|Any CPU.Build.0 = Release|Any CPU
		{44A36DCB-9232-4907-A85F-08F580AE06EB}.Debug|Any CPU.ActiveCfg = Debug|Any CPU
		{44A36DCB-9232-4907-A85F-08F580AE06EB}.Debug|Any CPU.Build.0 = Debug|Any CPU
		{44A36DCB-9232-4907-A85F-08F580AE06EB}.Release|Any CPU.ActiveCfg = Release|Any CPU
		{44A36DCB-9232-4907-A85F-08F580AE06EB}.Release|Any CPU.Build.0 = Release|Any CPU
		{384FA6D7-6ACE-426E-8C32-88E1DD1DF106}.Debug|Any CPU.ActiveCfg = Debug|Any CPU
		{384FA6D7-6ACE-426E-8C32-88E1DD1DF106}.Debug|Any CPU.Build.0 = Debug|Any CPU
		{384FA6D7-6ACE-426E-8C32-88E1DD1DF106}.Release|Any CPU.ActiveCfg = Release|Any CPU
		{384FA6D7-6ACE-426E-8C32-88E1DD1DF106}.Release|Any CPU.Build.0 = Release|Any CPU
		{A755F740-E417-44B8-A152-30989691B343}.Debug|Any CPU.ActiveCfg = Debug|Any CPU
		{A755F740-E417-44B8-A152-30989691B343}.Debug|Any CPU.Build.0 = Debug|Any CPU
		{A755F740-E417-44B8-A152-30989691B343}.Release|Any CPU.ActiveCfg = Release|Any CPU
		{A755F740-E417-44B8-A152-30989691B343}.Release|Any CPU.Build.0 = Release|Any CPU
		{B5CD9D67-75A1-429D-AC7B-A4F6EFB99C7D}.Debug|Any CPU.ActiveCfg = Debug|Any CPU
		{B5CD9D67-75A1-429D-AC7B-A4F6EFB99C7D}.Debug|Any CPU.Build.0 = Debug|Any CPU
		{B5CD9D67-75A1-429D-AC7B-A4F6EFB99C7D}.Release|Any CPU.ActiveCfg = Release|Any CPU
		{B5CD9D67-75A1-429D-AC7B-A4F6EFB99C7D}.Release|Any CPU.Build.0 = Release|Any CPU
		{9EACB5E2-7916-4A2E-89F7-527ED24932BF}.Debug|Any CPU.ActiveCfg = Debug|Any CPU
		{9EACB5E2-7916-4A2E-89F7-527ED24932BF}.Debug|Any CPU.Build.0 = Debug|Any CPU
		{9EACB5E2-7916-4A2E-89F7-527ED24932BF}.Release|Any CPU.ActiveCfg = Release|Any CPU
		{9EACB5E2-7916-4A2E-89F7-527ED24932BF}.Release|Any CPU.Build.0 = Release|Any CPU
		{47274791-3ACD-46AF-9AAD-BA82FA82BDAB}.Debug|Any CPU.ActiveCfg = Debug|Any CPU
		{47274791-3ACD-46AF-9AAD-BA82FA82BDAB}.Debug|Any CPU.Build.0 = Debug|Any CPU
		{47274791-3ACD-46AF-9AAD-BA82FA82BDAB}.Release|Any CPU.ActiveCfg = Release|Any CPU
		{47274791-3ACD-46AF-9AAD-BA82FA82BDAB}.Release|Any CPU.Build.0 = Release|Any CPU
		{3E4337AC-347B-40EA-9FFF-774161E6A51B}.Debug|Any CPU.ActiveCfg = Debug|Any CPU
		{3E4337AC-347B-40EA-9FFF-774161E6A51B}.Debug|Any CPU.Build.0 = Debug|Any CPU
		{3E4337AC-347B-40EA-9FFF-774161E6A51B}.Release|Any CPU.ActiveCfg = Release|Any CPU
		{3E4337AC-347B-40EA-9FFF-774161E6A51B}.Release|Any CPU.Build.0 = Release|Any CPU
		{9AEC3C9F-9987-4610-80E6-34A1E589F4F8}.Debug|Any CPU.ActiveCfg = Debug|Any CPU
		{9AEC3C9F-9987-4610-80E6-34A1E589F4F8}.Debug|Any CPU.Build.0 = Debug|Any CPU
		{9AEC3C9F-9987-4610-80E6-34A1E589F4F8}.Release|Any CPU.ActiveCfg = Release|Any CPU
		{9AEC3C9F-9987-4610-80E6-34A1E589F4F8}.Release|Any CPU.Build.0 = Release|Any CPU
	EndGlobalSection
	GlobalSection(SolutionProperties) = preSolution
		HideSolutionNode = FALSE
	EndGlobalSection
	GlobalSection(NestedProjects) = preSolution
		{71E1BF0B-37E8-4C2E-828B-16D0D62854BD} = {875802A4-4F81-4305-AAD3-350F00E8924C}
		{A4857FC0-D757-4E7E-8D0F-0FB6A6CD7B08} = {875802A4-4F81-4305-AAD3-350F00E8924C}
		{8744A63C-5DF1-4DD6-A66B-195A72DBA6D3} = {D5EFB627-C580-4087-849B-7A2D9EDAE1D4}
		{0B47504B-5762-4FD0-93CD-11974B8BC327} = {D5EFB627-C580-4087-849B-7A2D9EDAE1D4}
		{54C68FC2-1591-49FD-985D-7479924136BA} = {D5EFB627-C580-4087-849B-7A2D9EDAE1D4}
		{F667A054-614A-47DD-87D0-9D527B988DA7} = {D5EFB627-C580-4087-849B-7A2D9EDAE1D4}
		{CFB5E443-6EA6-49A4-A65C-E4780366D73D} = {D5EFB627-C580-4087-849B-7A2D9EDAE1D4}
		{0C034962-314A-407A-8048-821BB785AFCA} = {D5EFB627-C580-4087-849B-7A2D9EDAE1D4}
		{CA57C685-4B07-4079-AFE7-257D32DC83BF} = {D5EFB627-C580-4087-849B-7A2D9EDAE1D4}
		{9DA1DB34-2DC2-4A38-999A-59BF887BADDC} = {D5EFB627-C580-4087-849B-7A2D9EDAE1D4}
		{1A937812-E303-46AE-81AF-6CC9188DD922} = {D5EFB627-C580-4087-849B-7A2D9EDAE1D4}
		{AAFA2CFE-DCE2-4EBE-8D82-57D2415854EB} = {875802A4-4F81-4305-AAD3-350F00E8924C}
		{2355231F-918A-4773-9625-4A105831C164} = {875802A4-4F81-4305-AAD3-350F00E8924C}
		{5751009F-4A02-4696-B2AE-F6EB2FD16D1A} = {0866E953-6C3A-433C-8AE5-AF518B902EB4}
		{424E6815-A8C9-4B35-8B5B-F0EFCA46EFB5} = {5751009F-4A02-4696-B2AE-F6EB2FD16D1A}
		{2B4CDAD0-9C4D-4E77-9405-6818DCB2F963} = {5751009F-4A02-4696-B2AE-F6EB2FD16D1A}
		{954BAAEB-07B7-47F8-941E-9C1D9A3E6456} = {5751009F-4A02-4696-B2AE-F6EB2FD16D1A}
		{2E5EFD19-10DE-4430-B11D-D8F12491249B} = {5751009F-4A02-4696-B2AE-F6EB2FD16D1A}
		{44A36DCB-9232-4907-A85F-08F580AE06EB} = {5751009F-4A02-4696-B2AE-F6EB2FD16D1A}
		{384FA6D7-6ACE-426E-8C32-88E1DD1DF106} = {5751009F-4A02-4696-B2AE-F6EB2FD16D1A}
		{A755F740-E417-44B8-A152-30989691B343} = {5751009F-4A02-4696-B2AE-F6EB2FD16D1A}
		{B5CD9D67-75A1-429D-AC7B-A4F6EFB99C7D} = {5751009F-4A02-4696-B2AE-F6EB2FD16D1A}
		{9EACB5E2-7916-4A2E-89F7-527ED24932BF} = {0866E953-6C3A-433C-8AE5-AF518B902EB4}
		{2188752F-E517-4F77-9F9D-A1BADD321441} = {0866E953-6C3A-433C-8AE5-AF518B902EB4}
		{47274791-3ACD-46AF-9AAD-BA82FA82BDAB} = {2188752F-E517-4F77-9F9D-A1BADD321441}
		{3E4337AC-347B-40EA-9FFF-774161E6A51B} = {2188752F-E517-4F77-9F9D-A1BADD321441}
		{9AEC3C9F-9987-4610-80E6-34A1E589F4F8} = {5751009F-4A02-4696-B2AE-F6EB2FD16D1A}
	EndGlobalSection
	GlobalSection(ExtensibilityGlobals) = postSolution
		SolutionGuid = {C880176E-8687-4BA3-BCAB-10C15C28232D}
	EndGlobalSection
EndGlobal
